<?xml version="1.0" encoding="utf-8"?>
<Project ToolsVersion="4.0" xmlns="http://schemas.microsoft.com/developer/msbuild/2003">
  <ItemGroup>
    <Filter Include="Quelldateien">
      <UniqueIdentifier>{4FC737F1-C7A5-4376-A066-2A32D752A2FF}</UniqueIdentifier>
      <Extensions>cpp;c;cc;cxx;c++;cppm;ixx;def;odl;idl;hpj;bat;asm;asmx</Extensions>
    </Filter>
    <Filter Include="Headerdateien">
      <UniqueIdentifier>{93995380-89BD-4b04-88EB-625FBE52EBFB}</UniqueIdentifier>
      <Extensions>h;hh;hpp;hxx;h++;hm;inl;inc;ipp;xsd</Extensions>
    </Filter>
    <Filter Include="Ressourcendateien">
      <UniqueIdentifier>{67DA6AB6-F800-4c08-8B7A-83BB121AAD01}</UniqueIdentifier>
      <Extensions>rc;ico;cur;bmp;dlg;rc2;rct;bin;rgs;gif;jpg;jpeg;jpe;resx;tiff;tif;png;wav;mfcribbon-ms</Extensions>
    </Filter>
    <Filter Include="Quelldateien\Sector1">
      <UniqueIdentifier>{5f56e4ee-969f-4411-98ac-794b81c80741}</UniqueIdentifier>
    </Filter>
    <Filter Include="Quelldateien\Sector2+">
      <UniqueIdentifier>{663b1d14-ff1a-4ff6-87a9-07ade83f491b}</UniqueIdentifier>
    </Filter>
  </ItemGroup>
  <ItemGroup>
    <None Include="bootloader.asm">
      <Filter>Quelldateien\Sector1</Filter>
    </None>
    <None Include="ExtendedProgram.asm">
      <Filter>Quelldateien\Sector2+</Filter>
    </None>
    <None Include="Paging.asm">
      <Filter>Quelldateien\Sector2+</Filter>
    </None>
    <None Include="DiskRead.asm">
      <Filter>Quelldateien\Sector1</Filter>
    </None>
    <None Include="GDT.asm">
      <Filter>Quelldateien\Sector2+</Filter>
    </None>
    <None Include="CPUID.asm">
      <Filter>Quelldateien\Sector2+</Filter>
    </None>
    <None Include="Binaries.asm">
      <Filter>Quelldateien\Sector2+</Filter>
    </None>
    <None Include="IDT.asm">
      <Filter>Quelldateien\Sector2+</Filter>
    </None>
  </ItemGroup>
  <ItemGroup>
    <ClCompile Include="IO.cpp">
      <Filter>Quelldateien\Sector2+</Filter>
    </ClCompile>
    <ClCompile Include="Kernel.cpp">
      <Filter>Quelldateien\Sector2+</Filter>
    </ClCompile>
    <ClCompile Include="TextPrint.cpp">
      <Filter>Quelldateien\Sector2+</Filter>
    </ClCompile>
    <ClCompile Include="TypeDefs.cpp">
      <Filter>Quelldateien\Sector2+</Filter>
    </ClCompile>
    <ClCompile Include="TextModeColorCodes.cpp">
      <Filter>Quelldateien\Sector2+</Filter>
    </ClCompile>
    <ClCompile Include="IDT.cpp">
      <Filter>Quelldateien\Sector2+</Filter>
    </ClCompile>
    <ClCompile Include="KBscanCodeSet1.cpp">
      <Filter>Quelldateien\Sector2+</Filter>
    </ClCompile>
  </ItemGroup>
</Project>